
Microsoft Visual Studio Solution File, Format Version 12.00
# Visual Studio Version 17
VisualStudioVersion = 17.3.32929.385
MinimumVisualStudioVersion = 10.0.40219.1
Project("{FAE04EC0-301F-11D3-BF4B-00C04F79EFBC}") = "wpf-demo", "wpf-demo\wpf-demo.csproj", "{FD40D827-FD3D-4B82-9E32-47B1353560C6}"
EndProject
Project("{9A19103F-16F7-4668-BE54-9A1E7A4F7556}") = "hcloud-net", "..\hetzner-cloud-api-net\hcloud-net\hcloud-net.csproj", "{3C0C6481-B8AF-47B9-8AC7-D935E72C69A5}"
EndProject
Project("{9A19103F-16F7-4668-BE54-9A1E7A4F7556}") = "blazor-demo", "blazor-demo\blazor-demo.csproj", "{63792C11-3EC1-4D63-B9B9-520DC12D7766}"
EndProject
Project("{9A19103F-16F7-4668-BE54-9A1E7A4F7556}") = "hcloud-net.Test", "..\hetzner-cloud-api-net\hcloud-net.Test\hcloud-net.Test.csproj", "{29258278-6AD7-4CCF-B030-94C07745E5FC}"
EndProject
Global
	GlobalSection(SolutionConfigurationPlatforms) = preSolution
		Debug|Any CPU = Debug|Any CPU
		Release|Any CPU = Release|Any CPU
	EndGlobalSection
	GlobalSection(ProjectConfigurationPlatforms) = postSolution
		{FD40D827-FD3D-4B82-9E32-47B1353560C6}.Debug|Any CPU.ActiveCfg = Debug|Any CPU
		{FD40D827-FD3D-4B82-9E32-47B1353560C6}.Debug|Any CPU.Build.0 = Debug|Any CPU
		{FD40D827-FD3D-4B82-9E32-47B1353560C6}.Release|Any CPU.ActiveCfg = Release|Any CPU
		{FD40D827-FD3D-4B82-9E32-47B1353560C6}.Release|Any CPU.Build.0 = Release|Any CPU
		{3C0C6481-B8AF-47B9-8AC7-D935E72C69A5}.Debug|Any CPU.ActiveCfg = Debug|Any CPU
		{3C0C6481-B8AF-47B9-8AC7-D935E72C69A5}.Debug|Any CPU.Build.0 = Debug|Any CPU
		{3C0C6481-B8AF-47B9-8AC7-D935E72C69A5}.Release|Any CPU.ActiveCfg = Release|Any CPU
		{3C0C6481-B8AF-47B9-8AC7-D935E72C69A5}.Release|Any CPU.Build.0 = Release|Any CPU
		{63792C11-3EC1-4D63-B9B9-520DC12D7766}.Debug|Any CPU.ActiveCfg = Debug|Any CPU
		{63792C11-3EC1-4D63-B9B9-520DC12D7766}.Debug|Any CPU.Build.0 = Debug|Any CPU
		{63792C11-3EC1-4D63-B9B9-520DC12D7766}.Release|Any CPU.ActiveCfg = Release|Any CPU
		{63792C11-3EC1-4D63-B9B9-520DC12D7766}.Release|Any CPU.Build.0 = Release|Any CPU
		{29258278-6AD7-4CCF-B030-94C07745E5FC}.Debug|Any CPU.ActiveCfg = Debug|Any CPU
		{29258278-6AD7-4CCF-B030-94C07745E5FC}.Debug|Any CPU.Build.0 = Debug|Any CPU
		{29258278-6AD7-4CCF-B030-94C07745E5FC}.Release|Any CPU.ActiveCfg = Release|Any CPU
		{29258278-6AD7-4CCF-B030-94C07745E5FC}.Release|Any CPU.Build.0 = Release|Any CPU
	EndGlobalSection
	GlobalSection(SolutionProperties) = preSolution
		HideSolutionNode = FALSE
	EndGlobalSection
	GlobalSection(ExtensibilityGlobals) = postSolution
		SolutionGuid = {9914D619-707D-4341-ABE8-71FD738A222D}
	EndGlobalSection
EndGlobal
